
Microsoft Visual Studio Solution File, Format Version 12.00
# Visual Studio 15
VisualStudioVersion = 15.0.26124.0
MinimumVisualStudioVersion = 15.0.26124.0
Project("{2150E333-8FDC-42A3-9474-1A3956D46DE8}") = "test", "test", "{7D796D42-080F-45C1-9ADB-B23021BFBBE9}"
EndProject
Project("{FAE04EC0-301F-11D3-BF4B-00C04F79EFBC}") = "Cynthia.Card.Test", "test\Cynthia.Card.Test\Cynthia.Card.Test.csproj", "{601900AA-0F26-4674-AB72-F9F56F71B49E}"
EndProject
Project("{FAE04EC0-301F-11D3-BF4B-00C04F79EFBC}") = "Cynthia.Card.XUnit", "test\Cynthia.Card.XUnit\Cynthia.Card.XUnit.csproj", "{F10A8C28-AB92-4B04-ADF8-8057F99FE363}"
EndProject
Project("{2150E333-8FDC-42A3-9474-1A3956D46DE8}") = "tools", "tools", "{31988449-7F52-4871-8A28-46DAF6C97348}"
EndProject
Project("{FAE04EC0-301F-11D3-BF4B-00C04F79EFBC}") = "Cynthia.Card.MakeCard", "tools\Cynthia.Card.MakeCard\Cynthia.Card.MakeCard.csproj", "{0B3B320B-8FD4-47C7-9282-EA473A4DC195}"
EndProject
Project("{FAE04EC0-301F-11D3-BF4B-00C04F79EFBC}") = "Cynthia.Card.ReadJson", "tools\Cynthia.Card.ReadJson\Cynthia.Card.ReadJson.csproj", "{02855038-DBBB-4FC9-AB89-AFDFCB0D967C}"
EndProject
Project("{2150E333-8FDC-42A3-9474-1A3956D46DE8}") = "src", "src", "{C3CEC26D-04D2-44A3-963B-69690E36FCCC}"
EndProject
Project("{FAE04EC0-301F-11D3-BF4B-00C04F79EFBC}") = "Cynthia.Card.Common", "src\Cynthia.Card.Common\Cynthia.Card.Common.csproj", "{00FF5BE3-6F6C-456C-BDF1-939E1E938FF5}"
EndProject
Project("{FAE04EC0-301F-11D3-BF4B-00C04F79EFBC}") = "Cynthia.Card.MongoDB", "src\Cynthia.Card.MongoDB\Cynthia.Card.MongoDB.csproj", "{2E8751F8-578C-40F7-AE73-5AB22BCC36B3}"
EndProject
Project("{FAE04EC0-301F-11D3-BF4B-00C04F79EFBC}") = "Cynthia.Card.Server", "src\Cynthia.Card.Server\Cynthia.Card.Server.csproj", "{9C77C6AD-A8A8-4A6A-B3D6-F4CC8B4CF609}"
EndProject
Global
	GlobalSection(SolutionConfigurationPlatforms) = preSolution
		Debug|Any CPU = Debug|Any CPU
		Debug|x64 = Debug|x64
		Debug|x86 = Debug|x86
		Release|Any CPU = Release|Any CPU
		Release|x64 = Release|x64
		Release|x86 = Release|x86
	EndGlobalSection
	GlobalSection(SolutionProperties) = preSolution
		HideSolutionNode = FALSE
	EndGlobalSection
	GlobalSection(ProjectConfigurationPlatforms) = postSolution
		{601900AA-0F26-4674-AB72-F9F56F71B49E}.Debug|Any CPU.ActiveCfg = Debug|Any CPU
		{601900AA-0F26-4674-AB72-F9F56F71B49E}.Debug|Any CPU.Build.0 = Debug|Any CPU
		{601900AA-0F26-4674-AB72-F9F56F71B49E}.Debug|x64.ActiveCfg = Debug|Any CPU
		{601900AA-0F26-4674-AB72-F9F56F71B49E}.Debug|x64.Build.0 = Debug|Any CPU
		{601900AA-0F26-4674-AB72-F9F56F71B49E}.Debug|x86.ActiveCfg = Debug|Any CPU
		{601900AA-0F26-4674-AB72-F9F56F71B49E}.Debug|x86.Build.0 = Debug|Any CPU
		{601900AA-0F26-4674-AB72-F9F56F71B49E}.Release|Any CPU.ActiveCfg = Release|Any CPU
		{601900AA-0F26-4674-AB72-F9F56F71B49E}.Release|Any CPU.Build.0 = Release|Any CPU
		{601900AA-0F26-4674-AB72-F9F56F71B49E}.Release|x64.ActiveCfg = Release|Any CPU
		{601900AA-0F26-4674-AB72-F9F56F71B49E}.Release|x64.Build.0 = Release|Any CPU
		{601900AA-0F26-4674-AB72-F9F56F71B49E}.Release|x86.ActiveCfg = Release|Any CPU
		{601900AA-0F26-4674-AB72-F9F56F71B49E}.Release|x86.Build.0 = Release|Any CPU
		{F10A8C28-AB92-4B04-ADF8-8057F99FE363}.Debug|Any CPU.ActiveCfg = Debug|Any CPU
		{F10A8C28-AB92-4B04-ADF8-8057F99FE363}.Debug|Any CPU.Build.0 = Debug|Any CPU
		{F10A8C28-AB92-4B04-ADF8-8057F99FE363}.Debug|x64.ActiveCfg = Debug|Any CPU
		{F10A8C28-AB92-4B04-ADF8-8057F99FE363}.Debug|x64.Build.0 = Debug|Any CPU
		{F10A8C28-AB92-4B04-ADF8-8057F99FE363}.Debug|x86.ActiveCfg = Debug|Any CPU
		{F10A8C28-AB92-4B04-ADF8-8057F99FE363}.Debug|x86.Build.0 = Debug|Any CPU
		{F10A8C28-AB92-4B04-ADF8-8057F99FE363}.Release|Any CPU.ActiveCfg = Release|Any CPU
		{F10A8C28-AB92-4B04-ADF8-8057F99FE363}.Release|Any CPU.Build.0 = Release|Any CPU
		{F10A8C28-AB92-4B04-ADF8-8057F99FE363}.Release|x64.ActiveCfg = Release|Any CPU
		{F10A8C28-AB92-4B04-ADF8-8057F99FE363}.Release|x64.Build.0 = Release|Any CPU
		{F10A8C28-AB92-4B04-ADF8-8057F99FE363}.Release|x86.ActiveCfg = Release|Any CPU
		{F10A8C28-AB92-4B04-ADF8-8057F99FE363}.Release|x86.Build.0 = Release|Any CPU
		{0B3B320B-8FD4-47C7-9282-EA473A4DC195}.Debug|Any CPU.ActiveCfg = Debug|Any CPU
		{0B3B320B-8FD4-47C7-9282-EA473A4DC195}.Debug|Any CPU.Build.0 = Debug|Any CPU
		{0B3B320B-8FD4-47C7-9282-EA473A4DC195}.Debug|x64.ActiveCfg = Debug|Any CPU
		{0B3B320B-8FD4-47C7-9282-EA473A4DC195}.Debug|x64.Build.0 = Debug|Any CPU
		{0B3B320B-8FD4-47C7-9282-EA473A4DC195}.Debug|x86.ActiveCfg = Debug|Any CPU
		{0B3B320B-8FD4-47C7-9282-EA473A4DC195}.Debug|x86.Build.0 = Debug|Any CPU
		{0B3B320B-8FD4-47C7-9282-EA473A4DC195}.Release|Any CPU.ActiveCfg = Release|Any CPU
		{0B3B320B-8FD4-47C7-9282-EA473A4DC195}.Release|Any CPU.Build.0 = Release|Any CPU
		{0B3B320B-8FD4-47C7-9282-EA473A4DC195}.Release|x64.ActiveCfg = Release|Any CPU
		{0B3B320B-8FD4-47C7-9282-EA473A4DC195}.Release|x64.Build.0 = Release|Any CPU
		{0B3B320B-8FD4-47C7-9282-EA473A4DC195}.Release|x86.ActiveCfg = Release|Any CPU
		{0B3B320B-8FD4-47C7-9282-EA473A4DC195}.Release|x86.Build.0 = Release|Any CPU
		{02855038-DBBB-4FC9-AB89-AFDFCB0D967C}.Debug|Any CPU.ActiveCfg = Debug|Any CPU
		{02855038-DBBB-4FC9-AB89-AFDFCB0D967C}.Debug|Any CPU.Build.0 = Debug|Any CPU
		{02855038-DBBB-4FC9-AB89-AFDFCB0D967C}.Debug|x64.ActiveCfg = Debug|Any CPU
		{02855038-DBBB-4FC9-AB89-AFDFCB0D967C}.Debug|x64.Build.0 = Debug|Any CPU
		{02855038-DBBB-4FC9-AB89-AFDFCB0D967C}.Debug|x86.ActiveCfg = Debug|Any CPU
		{02855038-DBBB-4FC9-AB89-AFDFCB0D967C}.Debug|x86.Build.0 = Debug|Any CPU
		{02855038-DBBB-4FC9-AB89-AFDFCB0D967C}.Release|Any CPU.ActiveCfg = Release|Any CPU
		{02855038-DBBB-4FC9-AB89-AFDFCB0D967C}.Release|Any CPU.Build.0 = Release|Any CPU
		{02855038-DBBB-4FC9-AB89-AFDFCB0D967C}.Release|x64.ActiveCfg = Release|Any CPU
		{02855038-DBBB-4FC9-AB89-AFDFCB0D967C}.Release|x64.Build.0 = Release|Any CPU
		{02855038-DBBB-4FC9-AB89-AFDFCB0D967C}.Release|x86.ActiveCfg = Release|Any CPU
		{02855038-DBBB-4FC9-AB89-AFDFCB0D967C}.Release|x86.Build.0 = Release|Any CPU
		{00FF5BE3-6F6C-456C-BDF1-939E1E938FF5}.Debug|Any CPU.ActiveCfg = Debug|Any CPU
		{00FF5BE3-6F6C-456C-BDF1-939E1E938FF5}.Debug|Any CPU.Build.0 = Debug|Any CPU
		{00FF5BE3-6F6C-456C-BDF1-939E1E938FF5}.Debug|x64.ActiveCfg = Debug|Any CPU
		{00FF5BE3-6F6C-456C-BDF1-939E1E938FF5}.Debug|x64.Build.0 = Debug|Any CPU
		{00FF5BE3-6F6C-456C-BDF1-939E1E938FF5}.Debug|x86.ActiveCfg = Debug|Any CPU
		{00FF5BE3-6F6C-456C-BDF1-939E1E938FF5}.Debug|x86.Build.0 = Debug|Any CPU
		{00FF5BE3-6F6C-456C-BDF1-939E1E938FF5}.Release|Any CPU.ActiveCfg = Release|Any CPU
		{00FF5BE3-6F6C-456C-BDF1-939E1E938FF5}.Release|Any CPU.Build.0 = Release|Any CPU
		{00FF5BE3-6F6C-456C-BDF1-939E1E938FF5}.Release|x64.ActiveCfg = Release|Any CPU
		{00FF5BE3-6F6C-456C-BDF1-939E1E938FF5}.Release|x64.Build.0 = Release|Any CPU
		{00FF5BE3-6F6C-456C-BDF1-939E1E938FF5}.Release|x86.ActiveCfg = Release|Any CPU
		{00FF5BE3-6F6C-456C-BDF1-939E1E938FF5}.Release|x86.Build.0 = Release|Any CPU
		{2E8751F8-578C-40F7-AE73-5AB22BCC36B3}.Debug|Any CPU.ActiveCfg = Debug|Any CPU
		{2E8751F8-578C-40F7-AE73-5AB22BCC36B3}.Debug|Any CPU.Build.0 = Debug|Any CPU
		{2E8751F8-578C-40F7-AE73-5AB22BCC36B3}.Debug|x64.ActiveCfg = Debug|Any CPU
		{2E8751F8-578C-40F7-AE73-5AB22BCC36B3}.Debug|x64.Build.0 = Debug|Any CPU
		{2E8751F8-578C-40F7-AE73-5AB22BCC36B3}.Debug|x86.ActiveCfg = Debug|Any CPU
		{2E8751F8-578C-40F7-AE73-5AB22BCC36B3}.Debug|x86.Build.0 = Debug|Any CPU
		{2E8751F8-578C-40F7-AE73-5AB22BCC36B3}.Release|Any CPU.ActiveCfg = Release|Any CPU
		{2E8751F8-578C-40F7-AE73-5AB22BCC36B3}.Release|Any CPU.Build.0 = Release|Any CPU
		{2E8751F8-578C-40F7-AE73-5AB22BCC36B3}.Release|x64.ActiveCfg = Release|Any CPU
		{2E8751F8-578C-40F7-AE73-5AB22BCC36B3}.Release|x64.Build.0 = Release|Any CPU
		{2E8751F8-578C-40F7-AE73-5AB22BCC36B3}.Release|x86.ActiveCfg = Release|Any CPU
		{2E8751F8-578C-40F7-AE73-5AB22BCC36B3}.Release|x86.Build.0 = Release|Any CPU
		{9C77C6AD-A8A8-4A6A-B3D6-F4CC8B4CF609}.Debug|Any CPU.ActiveCfg = Debug|Any CPU
		{9C77C6AD-A8A8-4A6A-B3D6-F4CC8B4CF609}.Debug|Any CPU.Build.0 = Debug|Any CPU
		{9C77C6AD-A8A8-4A6A-B3D6-F4CC8B4CF609}.Debug|x64.ActiveCfg = Debug|Any CPU
		{9C77C6AD-A8A8-4A6A-B3D6-F4CC8B4CF609}.Debug|x64.Build.0 = Debug|Any CPU
		{9C77C6AD-A8A8-4A6A-B3D6-F4CC8B4CF609}.Debug|x86.ActiveCfg = Debug|Any CPU
		{9C77C6AD-A8A8-4A6A-B3D6-F4CC8B4CF609}.Debug|x86.Build.0 = Debug|Any CPU
		{9C77C6AD-A8A8-4A6A-B3D6-F4CC8B4CF609}.Release|Any CPU.ActiveCfg = Release|Any CPU
		{9C77C6AD-A8A8-4A6A-B3D6-F4CC8B4CF609}.Release|Any CPU.Build.0 = Release|Any CPU
		{9C77C6AD-A8A8-4A6A-B3D6-F4CC8B4CF609}.Release|x64.ActiveCfg = Release|Any CPU
		{9C77C6AD-A8A8-4A6A-B3D6-F4CC8B4CF609}.Release|x64.Build.0 = Release|Any CPU
		{9C77C6AD-A8A8-4A6A-B3D6-F4CC8B4CF609}.Release|x86.ActiveCfg = Release|Any CPU
		{9C77C6AD-A8A8-4A6A-B3D6-F4CC8B4CF609}.Release|x86.Build.0 = Release|Any CPU
	EndGlobalSection
	GlobalSection(NestedProjects) = preSolution
		{601900AA-0F26-4674-AB72-F9F56F71B49E} = {7D796D42-080F-45C1-9ADB-B23021BFBBE9}
		{F10A8C28-AB92-4B04-ADF8-8057F99FE363} = {7D796D42-080F-45C1-9ADB-B23021BFBBE9}
		{0B3B320B-8FD4-47C7-9282-EA473A4DC195} = {31988449-7F52-4871-8A28-46DAF6C97348}
		{02855038-DBBB-4FC9-AB89-AFDFCB0D967C} = {31988449-7F52-4871-8A28-46DAF6C97348}
		{00FF5BE3-6F6C-456C-BDF1-939E1E938FF5} = {C3CEC26D-04D2-44A3-963B-69690E36FCCC}
		{2E8751F8-578C-40F7-AE73-5AB22BCC36B3} = {C3CEC26D-04D2-44A3-963B-69690E36FCCC}
		{9C77C6AD-A8A8-4A6A-B3D6-F4CC8B4CF609} = {C3CEC26D-04D2-44A3-963B-69690E36FCCC}
	EndGlobalSection
EndGlobal
