
Microsoft Visual Studio Solution File, Format Version 12.00
# Visual Studio 15
VisualStudioVersion = 15.0.26124.0
MinimumVisualStudioVersion = 15.0.26124.0
Project("{2150E333-8FDC-42A3-9474-1A3956D46DE8}") = "src", "src", "{3537C26F-CEC5-4676-9654-6E90C3C9C5B6}"
EndProject
Project("{FAE04EC0-301F-11D3-BF4B-00C04F79EFBC}") = "LegacyGwent.Core", "src\LegacyGwent.Core\LegacyGwent.Core.csproj", "{E73FA911-C253-4A8E-AED5-F28C984EB29C}"
EndProject
Project("{2150E333-8FDC-42A3-9474-1A3956D46DE8}") = "test", "test", "{04C13598-BB53-4AF1-B9F7-81A5791BEB91}"
EndProject
Project("{FAE04EC0-301F-11D3-BF4B-00C04F79EFBC}") = "LegacyGwent.ConsoleTester", "test\LegacyGwent.ConsoleTester\LegacyGwent.ConsoleTester.csproj", "{F7856135-2B8D-4445-B322-FE61BC0813A1}"
EndProject
Global
	GlobalSection(SolutionConfigurationPlatforms) = preSolution
		Debug|Any CPU = Debug|Any CPU
		Debug|x64 = Debug|x64
		Debug|x86 = Debug|x86
		Release|Any CPU = Release|Any CPU
		Release|x64 = Release|x64
		Release|x86 = Release|x86
	EndGlobalSection
	GlobalSection(SolutionProperties) = preSolution
		HideSolutionNode = FALSE
	EndGlobalSection
	GlobalSection(ProjectConfigurationPlatforms) = postSolution
		{E73FA911-C253-4A8E-AED5-F28C984EB29C}.Debug|Any CPU.ActiveCfg = Debug|Any CPU
		{E73FA911-C253-4A8E-AED5-F28C984EB29C}.Debug|Any CPU.Build.0 = Debug|Any CPU
		{E73FA911-C253-4A8E-AED5-F28C984EB29C}.Debug|x64.ActiveCfg = Debug|Any CPU
		{E73FA911-C253-4A8E-AED5-F28C984EB29C}.Debug|x64.Build.0 = Debug|Any CPU
		{E73FA911-C253-4A8E-AED5-F28C984EB29C}.Debug|x86.ActiveCfg = Debug|Any CPU
		{E73FA911-C253-4A8E-AED5-F28C984EB29C}.Debug|x86.Build.0 = Debug|Any CPU
		{E73FA911-C253-4A8E-AED5-F28C984EB29C}.Release|Any CPU.ActiveCfg = Release|Any CPU
		{E73FA911-C253-4A8E-AED5-F28C984EB29C}.Release|Any CPU.Build.0 = Release|Any CPU
		{E73FA911-C253-4A8E-AED5-F28C984EB29C}.Release|x64.ActiveCfg = Release|Any CPU
		{E73FA911-C253-4A8E-AED5-F28C984EB29C}.Release|x64.Build.0 = Release|Any CPU
		{E73FA911-C253-4A8E-AED5-F28C984EB29C}.Release|x86.ActiveCfg = Release|Any CPU
		{E73FA911-C253-4A8E-AED5-F28C984EB29C}.Release|x86.Build.0 = Release|Any CPU
		{F7856135-2B8D-4445-B322-FE61BC0813A1}.Debug|Any CPU.ActiveCfg = Debug|Any CPU
		{F7856135-2B8D-4445-B322-FE61BC0813A1}.Debug|Any CPU.Build.0 = Debug|Any CPU
		{F7856135-2B8D-4445-B322-FE61BC0813A1}.Debug|x64.ActiveCfg = Debug|Any CPU
		{F7856135-2B8D-4445-B322-FE61BC0813A1}.Debug|x64.Build.0 = Debug|Any CPU
		{F7856135-2B8D-4445-B322-FE61BC0813A1}.Debug|x86.ActiveCfg = Debug|Any CPU
		{F7856135-2B8D-4445-B322-FE61BC0813A1}.Debug|x86.Build.0 = Debug|Any CPU
		{F7856135-2B8D-4445-B322-FE61BC0813A1}.Release|Any CPU.ActiveCfg = Release|Any CPU
		{F7856135-2B8D-4445-B322-FE61BC0813A1}.Release|Any CPU.Build.0 = Release|Any CPU
		{F7856135-2B8D-4445-B322-FE61BC0813A1}.Release|x64.ActiveCfg = Release|Any CPU
		{F7856135-2B8D-4445-B322-FE61BC0813A1}.Release|x64.Build.0 = Release|Any CPU
		{F7856135-2B8D-4445-B322-FE61BC0813A1}.Release|x86.ActiveCfg = Release|Any CPU
		{F7856135-2B8D-4445-B322-FE61BC0813A1}.Release|x86.Build.0 = Release|Any CPU
	EndGlobalSection
	GlobalSection(NestedProjects) = preSolution
		{E73FA911-C253-4A8E-AED5-F28C984EB29C} = {3537C26F-CEC5-4676-9654-6E90C3C9C5B6}
		{F7856135-2B8D-4445-B322-FE61BC0813A1} = {04C13598-BB53-4AF1-B9F7-81A5791BEB91}
	EndGlobalSection
EndGlobal
